# This file is automatically @generated by Cargo.
# It is not intended for manual editing.
version = 3

[[package]]
name = "embedded-hal"
version = "0.2.7"
source = "registry+https://github.com/rust-lang/crates.io-index"
checksum = "35949884794ad573cf46071e41c9b60efb0cb311e3ca01f7af807af1debc66ff"
dependencies = [
 "nb 0.1.3",
 "void",
]

[[package]]
name = "embedded-hal"
version = "1.0.0-rc.2"
source = "registry+https://github.com/rust-lang/crates.io-index"
checksum = "3e57ec6ad0bc8eb967cf9c9f144177f5e8f2f6f02dad0b8b683f9f05f6b22def"

[[package]]
name = "embedded-hal-nb"
version = "1.0.0-rc.2"
source = "registry+https://github.com/rust-lang/crates.io-index"
checksum = "67c4325112d63ff5991e2841960a1320516c33ff7237e924eaab0772b1123703"
dependencies = [
 "embedded-hal 1.0.0-rc.2",
 "nb 1.1.0",
]

[[package]]
name = "hd44780-driver"
version = "0.4.0"
source = "registry+https://github.com/rust-lang/crates.io-index"
checksum = "aab2b13fdeaed7dde9133a57c28b2cbde4a8fc8c3196b5631428aad114857d3a"
dependencies = [
 "embedded-hal 0.2.7",
]

[[package]]
name = "libc"
version = "0.2.151"
source = "registry+https://github.com/rust-lang/crates.io-index"
checksum = "302d7ab3130588088d277783b1e2d2e10c9e9e4a16dd9050e6ec93fb3e7048f4"

[[package]]
name = "nb"
version = "0.1.3"
source = "registry+https://github.com/rust-lang/crates.io-index"
checksum = "801d31da0513b6ec5214e9bf433a77966320625a37860f910be265be6e18d06f"
dependencies = [
 "nb 1.1.0",
]

[[package]]
name = "nb"
version = "1.1.0"
source = "registry+https://github.com/rust-lang/crates.io-index"
checksum = "8d5439c4ad607c3c23abf66de8c8bf57ba8adcd1f129e699851a6e43935d339d"

[[package]]
name = "once_cell"
version = "1.19.0"
source = "registry+https://github.com/rust-lang/crates.io-index"
checksum = "3fdb12b2476b595f9358c5161aa467c2438859caa136dec86c26fdd2efe17b92"

[[package]]
name = "rppal"
version = "0.16.0"
source = "registry+https://github.com/rust-lang/crates.io-index"
checksum = "23aff72e177b0e0b0e0801bbe9f41de2abafd396dfb69af9c602ffba8c2091b3"
dependencies = [
 "embedded-hal 0.2.7",
 "embedded-hal 1.0.0-rc.2",
 "embedded-hal-nb",
 "libc",
 "nb 0.1.3",
 "spin_sleep",
 "void",
]

[[package]]
name = "screen_test"
version = "0.1.0"
dependencies = [
 "embedded-hal 0.2.7",
 "hd44780-driver",
 "rppal",
]

[[package]]
name = "spin_sleep"
version = "1.1.1"
source = "registry+https://github.com/rust-lang/crates.io-index"
checksum = "cafa7900db085f4354dbc7025e25d7a839a14360ea13b5fc4fd717f2d3b23134"
dependencies = [
 "once_cell",
 "winapi",
]

[[package]]
name = "void"
version = "1.0.2"
source = "registry+https://github.com/rust-lang/crates.io-index"
checksum = "6a02e4885ed3bc0f2de90ea6dd45ebcbb66dacffe03547fadbb0eeae2770887d"

[[package]]
name = "winapi"
version = "0.3.9"
source = "registry+https://github.com/rust-lang/crates.io-index"
checksum = "5c839a674fcd7a98952e593242ea400abe93992746761e38641405d28b00f419"
dependencies = [
 "winapi-i686-pc-windows-gnu",
 "winapi-x86_64-pc-windows-gnu",
]

[[package]]
name = "winapi-i686-pc-windows-gnu"
version = "0.4.0"
source = "registry+https://github.com/rust-lang/crates.io-index"
checksum = "ac3b87c63620426dd9b991e5ce0329eff545bccbbb34f3be09ff6fb6ab51b7b6"

[[package]]
name = "winapi-x86_64-pc-windows-gnu"
version = "0.4.0"
source = "registry+https://github.com/rust-lang/crates.io-index"
checksum = "712e227841d057c1ee1cd2fb22fa7e5a5461ae8e48fa2ca79ec42cfc1931183f"
