# This file is automatically @generated by Cargo.
# It is not intended for manual editing.
version = 3

[[package]]
name = "autocfg"
version = "1.1.0"
source = "registry+https://github.com/rust-lang/crates.io-index"
checksum = "d468802bab17cbc0cc575e9b053f41e72aa36bfa6b7f55e3529ffa43161b97fa"

[[package]]
name = "bitflags"
version = "2.4.2"
source = "registry+https://github.com/rust-lang/crates.io-index"
checksum = "ed570934406eb16438a4e976b1b4500774099c13b8cb96eec99f620f05090ddf"

[[package]]
name = "compiler_builtins"
version = "0.1.108"
source = "registry+https://github.com/rust-lang/crates.io-index"
checksum = "d68bc55329711cd719c2687bb147bc06211b0521f97ef398280108ccb23227e9"

[[package]]
name = "embedded-hal"
version = "1.0.0"
source = "registry+https://github.com/rust-lang/crates.io-index"
checksum = "361a90feb7004eca4019fb28352a9465666b24f840f5c3cddf0ff13920590b89"

[[package]]
name = "hat"
version = "0.0.0"
dependencies = [
 "bitflags",
 "compiler_builtins",
 "embedded-hal",
 "hts221",
 "lol_alloc",
 "wasi-embedded-hal",
 "wit-bindgen-rt",
]

[[package]]
name = "hts221"
version = "1.0.0"
source = "git+https://github.com/Zelzahn/hts221#86e0151ba2fa36a61d7a7dac1becc088c8b9b6e1"
dependencies = [
 "embedded-hal",
]

[[package]]
name = "lcd"
version = "0.0.0"
dependencies = [
 "bitflags",
 "compiler_builtins",
 "lol_alloc",
 "wit-bindgen-rt",
]

[[package]]
name = "lock_api"
version = "0.4.11"
source = "registry+https://github.com/rust-lang/crates.io-index"
checksum = "3c168f8615b12bc01f9c17e2eb0cc07dcae1940121185446edc3744920e8ef45"
dependencies = [
 "autocfg",
 "scopeguard",
]

[[package]]
name = "lol_alloc"
version = "0.4.1"
source = "registry+https://github.com/rust-lang/crates.io-index"
checksum = "83e5106554cabc97552dcadf54f57560ae6af3276652f82ca2be06120dc4c5dc"
dependencies = [
 "spin",
]

[[package]]
name = "scopeguard"
version = "1.2.0"
source = "registry+https://github.com/rust-lang/crates.io-index"
checksum = "94143f37725109f92c262ed2cf5e59bce7498c01bcc1502d7b9afe439a4e9f49"

[[package]]
name = "spin"
version = "0.9.8"
source = "registry+https://github.com/rust-lang/crates.io-index"
checksum = "6980e8d7511241f8acf4aebddbb1ff938df5eebe98691418c4468d0b72a96a67"
dependencies = [
 "lock_api",
]

[[package]]
name = "wasi-embedded-hal"
version = "0.0.1"
source = "git+https://github.com/Zelzahn/wasi-embedded-hal#6ff963665ed749da344c933377ac22dfccb02161"
dependencies = [
 "bitflags",
 "embedded-hal",
 "lol_alloc",
 "wit-bindgen-rt",
]

[[package]]
name = "wit-bindgen-rt"
version = "0.22.0"
source = "registry+https://github.com/rust-lang/crates.io-index"
checksum = "fcb8738270f32a2d6739973cbbb7c1b6dd8959ce515578a6e19165853272ee64"
